
Microsoft Visual Studio Solution File, Format Version 12.00
# Visual Studio Version 16
VisualStudioVersion = 16.0.32413.511
MinimumVisualStudioVersion = 10.0.40219.1
Project("{FAE04EC0-301F-11D3-BF4B-00C04F79EFBC}") = "UlElement", "UlElement\UlElement.csproj", "{B7751116-97B0-4B8D-B7B6-EBBA5D1F3125}"
EndProject
Global
	GlobalSection(SolutionConfigurationPlatforms) = preSolution
		Debug|Any CPU = Debug|Any CPU
		Release|Any CPU = Release|Any CPU
	EndGlobalSection
	GlobalSection(ProjectConfigurationPlatforms) = postSolution
		{B7751116-97B0-4B8D-B7B6-EBBA5D1F3125}.Debug|Any CPU.ActiveCfg = Debug|Any CPU
		{B7751116-97B0-4B8D-B7B6-EBBA5D1F3125}.Debug|Any CPU.Build.0 = Debug|Any CPU
		{B7751116-97B0-4B8D-B7B6-EBBA5D1F3125}.Release|Any CPU.ActiveCfg = Release|Any CPU
		{B7751116-97B0-4B8D-B7B6-EBBA5D1F3125}.Release|Any CPU.Build.0 = Release|Any CPU
	EndGlobalSection
	GlobalSection(SolutionProperties) = preSolution
		HideSolutionNode = FALSE
	EndGlobalSection
	GlobalSection(ExtensibilityGlobals) = postSolution
		SolutionGuid = {923211E5-1241-4CA0-815F-F4335F94C1C2}
	EndGlobalSection
EndGlobal
